// !$*UTF8*$!
{
	archiveVersion = 1;
	classes = {
	};
	objectVersion = 51;
	objects = {

/* Begin PBXBuildFile section */
		4377AAB8F8C24FD858C6DD59 /* Pods_TodayAirMVVM.framework in Frameworks */ = {isa = PBXBuildFile; fileRef = EA8C8BB577EE1F6DA855FDFD /* Pods_TodayAirMVVM.framework */; };
		7200C656253D6646008BCBF0 /* SplashReactor.swift in Sources */ = {isa = PBXBuildFile; fileRef = 7200C655253D6646008BCBF0 /* SplashReactor.swift */; };
		7200C659253D683A008BCBF0 /* AirInfo.swift in Sources */ = {isa = PBXBuildFile; fileRef = 7200C658253D683A008BCBF0 /* AirInfo.swift */; };
		7200C65C253D6F5A008BCBF0 /* AirDataModel.swift in Sources */ = {isa = PBXBuildFile; fileRef = 7200C65B253D6F5A008BCBF0 /* AirDataModel.swift */; };
		7200C66B253D995F008BCBF0 /* MainViewController.swift in Sources */ = {isa = PBXBuildFile; fileRef = 7200C66A253D995F008BCBF0 /* MainViewController.swift */; };
		725C12AF253D604600B99FBD /* AppDelegate.swift in Sources */ = {isa = PBXBuildFile; fileRef = 725C12AE253D604600B99FBD /* AppDelegate.swift */; };
		725C12B3253D604600B99FBD /* SplashViewController.swift in Sources */ = {isa = PBXBuildFile; fileRef = 725C12B2253D604600B99FBD /* SplashViewController.swift */; };
		725C12B8253D604600B99FBD /* Assets.xcassets in Resources */ = {isa = PBXBuildFile; fileRef = 725C12B7253D604600B99FBD /* Assets.xcassets */; };
		725ED429254147C500C94ED9 /* CommonResource.swift in Sources */ = {isa = PBXBuildFile; fileRef = 725ED428254147C500C94ED9 /* CommonResource.swift */; };
		725ED42C2541609A00C94ED9 /* MainReactor.swift in Sources */ = {isa = PBXBuildFile; fileRef = 725ED42B2541609A00C94ED9 /* MainReactor.swift */; };
/* End PBXBuildFile section */

/* Begin PBXFileReference section */
		16887D672FC6A558F4DCE1D6 /* Pods-TodayAirMVVM.release.xcconfig */ = {isa = PBXFileReference; includeInIndex = 1; lastKnownFileType = text.xcconfig; name = "Pods-TodayAirMVVM.release.xcconfig"; path = "Target Support Files/Pods-TodayAirMVVM/Pods-TodayAirMVVM.release.xcconfig"; sourceTree = "<group>"; };
		564DD7C4CF70E26358C4C4B1 /* Pods-TodayAirMVVM.debug.xcconfig */ = {isa = PBXFileReference; includeInIndex = 1; lastKnownFileType = text.xcconfig; name = "Pods-TodayAirMVVM.debug.xcconfig"; path = "Target Support Files/Pods-TodayAirMVVM/Pods-TodayAirMVVM.debug.xcconfig"; sourceTree = "<group>"; };
		7200C655253D6646008BCBF0 /* SplashReactor.swift */ = {isa = PBXFileReference; lastKnownFileType = sourcecode.swift; path = SplashReactor.swift; sourceTree = "<group>"; };
		7200C658253D683A008BCBF0 /* AirInfo.swift */ = {isa = PBXFileReference; lastKnownFileType = sourcecode.swift; path = AirInfo.swift; sourceTree = "<group>"; };
		7200C65B253D6F5A008BCBF0 /* AirDataModel.swift */ = {isa = PBXFileReference; lastKnownFileType = sourcecode.swift; path = AirDataModel.swift; sourceTree = "<group>"; };
		7200C66A253D995F008BCBF0 /* MainViewController.swift */ = {isa = PBXFileReference; lastKnownFileType = sourcecode.swift; path = MainViewController.swift; sourceTree = "<group>"; };
		725C12AB253D604600B99FBD /* TodayAirMVVM.app */ = {isa = PBXFileReference; explicitFileType = wrapper.application; includeInIndex = 0; path = TodayAirMVVM.app; sourceTree = BUILT_PRODUCTS_DIR; };
		725C12AE253D604600B99FBD /* AppDelegate.swift */ = {isa = PBXFileReference; lastKnownFileType = sourcecode.swift; path = AppDelegate.swift; sourceTree = "<group>"; };
		725C12B2253D604600B99FBD /* SplashViewController.swift */ = {isa = PBXFileReference; lastKnownFileType = sourcecode.swift; path = SplashViewController.swift; sourceTree = "<group>"; };
		725C12B7253D604600B99FBD /* Assets.xcassets */ = {isa = PBXFileReference; lastKnownFileType = folder.assetcatalog; path = Assets.xcassets; sourceTree = "<group>"; };
		725C12BC253D604600B99FBD /* Info.plist */ = {isa = PBXFileReference; lastKnownFileType = text.plist.xml; path = Info.plist; sourceTree = "<group>"; };
		725ED428254147C500C94ED9 /* CommonResource.swift */ = {isa = PBXFileReference; lastKnownFileType = sourcecode.swift; path = CommonResource.swift; sourceTree = "<group>"; };
		725ED42B2541609A00C94ED9 /* MainReactor.swift */ = {isa = PBXFileReference; lastKnownFileType = sourcecode.swift; path = MainReactor.swift; sourceTree = "<group>"; };
		EA8C8BB577EE1F6DA855FDFD /* Pods_TodayAirMVVM.framework */ = {isa = PBXFileReference; explicitFileType = wrapper.framework; includeInIndex = 0; path = Pods_TodayAirMVVM.framework; sourceTree = BUILT_PRODUCTS_DIR; };
/* End PBXFileReference section */

/* Begin PBXFrameworksBuildPhase section */
		725C12A8253D604600B99FBD /* Frameworks */ = {
			isa = PBXFrameworksBuildPhase;
			buildActionMask = 2147483647;
			files = (
				4377AAB8F8C24FD858C6DD59 /* Pods_TodayAirMVVM.framework in Frameworks */,
			);
			runOnlyForDeploymentPostprocessing = 0;
		};
/* End PBXFrameworksBuildPhase section */

/* Begin PBXGroup section */
		137FF4ADEA0CA27F808C06FA /* Frameworks */ = {
			isa = PBXGroup;
			children = (
				EA8C8BB577EE1F6DA855FDFD /* Pods_TodayAirMVVM.framework */,
			);
			name = Frameworks;
			sourceTree = "<group>";
		};
		70B2227C0902F8666584ACAD /* Pods */ = {
			isa = PBXGroup;
			children = (
				564DD7C4CF70E26358C4C4B1 /* Pods-TodayAirMVVM.debug.xcconfig */,
				16887D672FC6A558F4DCE1D6 /* Pods-TodayAirMVVM.release.xcconfig */,
			);
			path = Pods;
			sourceTree = "<group>";
		};
		7200C669253D9952008BCBF0 /* main */ = {
			isa = PBXGroup;
			children = (
				7200C66A253D995F008BCBF0 /* MainViewController.swift */,
				725ED42B2541609A00C94ED9 /* MainReactor.swift */,
			);
			path = main;
			sourceTree = "<group>";
		};
		7200C66D253D99C9008BCBF0 /* entities */ = {
			isa = PBXGroup;
			children = (
				7200C658253D683A008BCBF0 /* AirInfo.swift */,
				725ED428254147C500C94ED9 /* CommonResource.swift */,
			);
			path = entities;
			sourceTree = "<group>";
		};
		725C12A2253D604600B99FBD = {
			isa = PBXGroup;
			children = (
				725C12AD253D604600B99FBD /* TodayAirMVVM */,
				725C12AC253D604600B99FBD /* Products */,
				70B2227C0902F8666584ACAD /* Pods */,
				137FF4ADEA0CA27F808C06FA /* Frameworks */,
			);
			sourceTree = "<group>";
		};
		725C12AC253D604600B99FBD /* Products */ = {
			isa = PBXGroup;
			children = (
				725C12AB253D604600B99FBD /* TodayAirMVVM.app */,
			);
			name = Products;
			sourceTree = "<group>";
		};
		725C12AD253D604600B99FBD /* TodayAirMVVM */ = {
			isa = PBXGroup;
			children = (
				7200C66D253D99C9008BCBF0 /* entities */,
				7200C669253D9952008BCBF0 /* main */,
				726D50DD253D64B40067AEAA /* splash */,
				725C12AE253D604600B99FBD /* AppDelegate.swift */,
				725C12B7253D604600B99FBD /* Assets.xcassets */,
				725C12BC253D604600B99FBD /* Info.plist */,
			);
			path = TodayAirMVVM;
			sourceTree = "<group>";
		};
		726D50DD253D64B40067AEAA /* splash */ = {
			isa = PBXGroup;
			children = (
				725C12B2253D604600B99FBD /* SplashViewController.swift */,
				7200C655253D6646008BCBF0 /* SplashReactor.swift */,
				7200C65B253D6F5A008BCBF0 /* AirDataModel.swift */,
			);
			path = splash;
			sourceTree = "<group>";
		};
/* End PBXGroup section */

/* Begin PBXNativeTarget section */
		725C12AA253D604600B99FBD /* TodayAirMVVM */ = {
			isa = PBXNativeTarget;
			buildConfigurationList = 725C12BF253D604600B99FBD /* Build configuration list for PBXNativeTarget "TodayAirMVVM" */;
			buildPhases = (
				690FFDAC743A8155313B9AB1 /* [CP] Check Pods Manifest.lock */,
				725C12A7253D604600B99FBD /* Sources */,
				725C12A8253D604600B99FBD /* Frameworks */,
				725C12A9253D604600B99FBD /* Resources */,
				E11CA618FF05FE03683426E2 /* [CP] Embed Pods Frameworks */,
			);
			buildRules = (
			);
			dependencies = (
			);
			name = TodayAirMVVM;
			productName = TodayAirMVVM;
			productReference = 725C12AB253D604600B99FBD /* TodayAirMVVM.app */;
			productType = "com.apple.product-type.application";
		};
/* End PBXNativeTarget section */

/* Begin PBXProject section */
		725C12A3253D604600B99FBD /* Project object */ = {
			isa = PBXProject;
			attributes = {
				LastSwiftUpdateCheck = 1200;
				LastUpgradeCheck = 1200;
				TargetAttributes = {
					725C12AA253D604600B99FBD = {
						CreatedOnToolsVersion = 12.0.1;
					};
				};
			};
			buildConfigurationList = 725C12A6253D604600B99FBD /* Build configuration list for PBXProject "TodayAirMVVM" */;
			compatibilityVersion = "Xcode 9.3";
			developmentRegion = en;
			hasScannedForEncodings = 0;
			knownRegions = (
				en,
				Base,
			);
			mainGroup = 725C12A2253D604600B99FBD;
			productRefGroup = 725C12AC253D604600B99FBD /* Products */;
			projectDirPath = "";
			projectRoot = "";
			targets = (
				725C12AA253D604600B99FBD /* TodayAirMVVM */,
			);
		};
/* End PBXProject section */

/* Begin PBXResourcesBuildPhase section */
		725C12A9253D604600B99FBD /* Resources */ = {
			isa = PBXResourcesBuildPhase;
			buildActionMask = 2147483647;
			files = (
				725C12B8253D604600B99FBD /* Assets.xcassets in Resources */,
			);
			runOnlyForDeploymentPostprocessing = 0;
		};
/* End PBXResourcesBuildPhase section */

/* Begin PBXShellScriptBuildPhase section */
		690FFDAC743A8155313B9AB1 /* [CP] Check Pods Manifest.lock */ = {
			isa = PBXShellScriptBuildPhase;
			buildActionMask = 2147483647;
			files = (
			);
			inputFileListPaths = (
			);
			inputPaths = (
				"${PODS_PODFILE_DIR_PATH}/Podfile.lock",
				"${PODS_ROOT}/Manifest.lock",
			);
			name = "[CP] Check Pods Manifest.lock";
			outputFileListPaths = (
			);
			outputPaths = (
				"$(DERIVED_FILE_DIR)/Pods-TodayAirMVVM-checkManifestLockResult.txt",
			);
			runOnlyForDeploymentPostprocessing = 0;
			shellPath = /bin/sh;
			shellScript = "diff \"${PODS_PODFILE_DIR_PATH}/Podfile.lock\" \"${PODS_ROOT}/Manifest.lock\" > /dev/null\nif [ $? != 0 ] ; then\n    # print error to STDERR\n    echo \"error: The sandbox is not in sync with the Podfile.lock. Run 'pod install' or update your CocoaPods installation.\" >&2\n    exit 1\nfi\n# This output is used by Xcode 'outputs' to avoid re-running this script phase.\necho \"SUCCESS\" > \"${SCRIPT_OUTPUT_FILE_0}\"\n";
			showEnvVarsInLog = 0;
		};
		E11CA618FF05FE03683426E2 /* [CP] Embed Pods Frameworks */ = {
			isa = PBXShellScriptBuildPhase;
			buildActionMask = 2147483647;
			files = (
			);
			inputFileListPaths = (
				"${PODS_ROOT}/Target Support Files/Pods-TodayAirMVVM/Pods-TodayAirMVVM-frameworks-${CONFIGURATION}-input-files.xcfilelist",
			);
			name = "[CP] Embed Pods Frameworks";
			outputFileListPaths = (
				"${PODS_ROOT}/Target Support Files/Pods-TodayAirMVVM/Pods-TodayAirMVVM-frameworks-${CONFIGURATION}-output-files.xcfilelist",
			);
			runOnlyForDeploymentPostprocessing = 0;
			shellPath = /bin/sh;
			shellScript = "\"${PODS_ROOT}/Target Support Files/Pods-TodayAirMVVM/Pods-TodayAirMVVM-frameworks.sh\"\n";
			showEnvVarsInLog = 0;
		};
/* End PBXShellScriptBuildPhase section */

/* Begin PBXSourcesBuildPhase section */
		725C12A7253D604600B99FBD /* Sources */ = {
			isa = PBXSourcesBuildPhase;
			buildActionMask = 2147483647;
			files = (
				7200C65C253D6F5A008BCBF0 /* AirDataModel.swift in Sources */,
				725ED42C2541609A00C94ED9 /* MainReactor.swift in Sources */,
				725C12B3253D604600B99FBD /* SplashViewController.swift in Sources */,
				7200C656253D6646008BCBF0 /* SplashReactor.swift in Sources */,
				7200C66B253D995F008BCBF0 /* MainViewController.swift in Sources */,
				725ED429254147C500C94ED9 /* CommonResource.swift in Sources */,
				7200C659253D683A008BCBF0 /* AirInfo.swift in Sources */,
				725C12AF253D604600B99FBD /* AppDelegate.swift in Sources */,
			);
			runOnlyForDeploymentPostprocessing = 0;
		};
/* End PBXSourcesBuildPhase section */

/* Begin XCBuildConfiguration section */
		725C12BD253D604600B99FBD /* Debug */ = {
			isa = XCBuildConfiguration;
			buildSettings = {
				ALWAYS_SEARCH_USER_PATHS = NO;
				CLANG_ANALYZER_NONNULL = YES;
				CLANG_ANALYZER_NUMBER_OBJECT_CONVERSION = YES_AGGRESSIVE;
				CLANG_CXX_LANGUAGE_STANDARD = "gnu++14";
				CLANG_CXX_LIBRARY = "libc++";
				CLANG_ENABLE_MODULES = YES;
				CLANG_ENABLE_OBJC_ARC = YES;
				CLANG_ENABLE_OBJC_WEAK = YES;
				CLANG_WARN_BLOCK_CAPTURE_AUTORELEASING = YES;
				CLANG_WARN_BOOL_CONVERSION = YES;
				CLANG_WARN_COMMA = YES;
				CLANG_WARN_CONSTANT_CONVERSION = YES;
				CLANG_WARN_DEPRECATED_OBJC_IMPLEMENTATIONS = YES;
				CLANG_WARN_DIRECT_OBJC_ISA_USAGE = YES_ERROR;
				CLANG_WARN_DOCUMENTATION_COMMENTS = YES;
				CLANG_WARN_EMPTY_BODY = YES;
				CLANG_WARN_ENUM_CONVERSION = YES;
				CLANG_WARN_INFINITE_RECURSION = YES;
				CLANG_WARN_INT_CONVERSION = YES;
				CLANG_WARN_NON_LITERAL_NULL_CONVERSION = YES;
				CLANG_WARN_OBJC_IMPLICIT_RETAIN_SELF = YES;
				CLANG_WARN_OBJC_LITERAL_CONVERSION = YES;
				CLANG_WARN_OBJC_ROOT_CLASS = YES_ERROR;
				CLANG_WARN_QUOTED_INCLUDE_IN_FRAMEWORK_HEADER = YES;
				CLANG_WARN_RANGE_LOOP_ANALYSIS = YES;
				CLANG_WARN_STRICT_PROTOTYPES = YES;
				CLANG_WARN_SUSPICIOUS_MOVE = YES;
				CLANG_WARN_UNGUARDED_AVAILABILITY = YES_AGGRESSIVE;
				CLANG_WARN_UNREACHABLE_CODE = YES;
				CLANG_WARN__DUPLICATE_METHOD_MATCH = YES;
				COPY_PHASE_STRIP = NO;
				DEBUG_INFORMATION_FORMAT = dwarf;
				ENABLE_STRICT_OBJC_MSGSEND = YES;
				ENABLE_TESTABILITY = YES;
				GCC_C_LANGUAGE_STANDARD = gnu11;
				GCC_DYNAMIC_NO_PIC = NO;
				GCC_NO_COMMON_BLOCKS = YES;
				GCC_OPTIMIZATION_LEVEL = 0;
				GCC_PREPROCESSOR_DEFINITIONS = (
					"DEBUG=1",
					"$(inherited)",
				);
				GCC_WARN_64_TO_32_BIT_CONVERSION = YES;
				GCC_WARN_ABOUT_RETURN_TYPE = YES_ERROR;
				GCC_WARN_UNDECLARED_SELECTOR = YES;
				GCC_WARN_UNINITIALIZED_AUTOS = YES_AGGRESSIVE;
				GCC_WARN_UNUSED_FUNCTION = YES;
				GCC_WARN_UNUSED_VARIABLE = YES;
				IPHONEOS_DEPLOYMENT_TARGET = 11.0;
				MTL_ENABLE_DEBUG_INFO = INCLUDE_SOURCE;
				MTL_FAST_MATH = YES;
				ONLY_ACTIVE_ARCH = YES;
				SDKROOT = iphoneos;
				SWIFT_ACTIVE_COMPILATION_CONDITIONS = DEBUG;
				SWIFT_OPTIMIZATION_LEVEL = "-Onone";
			};
			name = Debug;
		};
		725C12BE253D604600B99FBD /* Release */ = {
			isa = XCBuildConfiguration;
			buildSettings = {
				ALWAYS_SEARCH_USER_PATHS = NO;
				CLANG_ANALYZER_NONNULL = YES;
				CLANG_ANALYZER_NUMBER_OBJECT_CONVERSION = YES_AGGRESSIVE;
				CLANG_CXX_LANGUAGE_STANDARD = "gnu++14";
				CLANG_CXX_LIBRARY = "libc++";
				CLANG_ENABLE_MODULES = YES;
				CLANG_ENABLE_OBJC_ARC = YES;
				CLANG_ENABLE_OBJC_WEAK = YES;
				CLANG_WARN_BLOCK_CAPTURE_AUTORELEASING = YES;
				CLANG_WARN_BOOL_CONVERSION = YES;
				CLANG_WARN_COMMA = YES;
				CLANG_WARN_CONSTANT_CONVERSION = YES;
				CLANG_WARN_DEPRECATED_OBJC_IMPLEMENTATIONS = YES;
				CLANG_WARN_DIRECT_OBJC_ISA_USAGE = YES_ERROR;
				CLANG_WARN_DOCUMENTATION_COMMENTS = YES;
				CLANG_WARN_EMPTY_BODY = YES;
				CLANG_WARN_ENUM_CONVERSION = YES;
				CLANG_WARN_INFINITE_RECURSION = YES;
				CLANG_WARN_INT_CONVERSION = YES;
				CLANG_WARN_NON_LITERAL_NULL_CONVERSION = YES;
				CLANG_WARN_OBJC_IMPLICIT_RETAIN_SELF = YES;
				CLANG_WARN_OBJC_LITERAL_CONVERSION = YES;
				CLANG_WARN_OBJC_ROOT_CLASS = YES_ERROR;
				CLANG_WARN_QUOTED_INCLUDE_IN_FRAMEWORK_HEADER = YES;
				CLANG_WARN_RANGE_LOOP_ANALYSIS = YES;
				CLANG_WARN_STRICT_PROTOTYPES = YES;
				CLANG_WARN_SUSPICIOUS_MOVE = YES;
				CLANG_WARN_UNGUARDED_AVAILABILITY = YES_AGGRESSIVE;
				CLANG_WARN_UNREACHABLE_CODE = YES;
				CLANG_WARN__DUPLICATE_METHOD_MATCH = YES;
				COPY_PHASE_STRIP = NO;
				DEBUG_INFORMATION_FORMAT = "dwarf-with-dsym";
				ENABLE_NS_ASSERTIONS = NO;
				ENABLE_STRICT_OBJC_MSGSEND = YES;
				GCC_C_LANGUAGE_STANDARD = gnu11;
				GCC_NO_COMMON_BLOCKS = YES;
				GCC_WARN_64_TO_32_BIT_CONVERSION = YES;
				GCC_WARN_ABOUT_RETURN_TYPE = YES_ERROR;
				GCC_WARN_UNDECLARED_SELECTOR = YES;
				GCC_WARN_UNINITIALIZED_AUTOS = YES_AGGRESSIVE;
				GCC_WARN_UNUSED_FUNCTION = YES;
				GCC_WARN_UNUSED_VARIABLE = YES;
				IPHONEOS_DEPLOYMENT_TARGET = 11.0;
				MTL_ENABLE_DEBUG_INFO = NO;
				MTL_FAST_MATH = YES;
				SDKROOT = iphoneos;
				SWIFT_COMPILATION_MODE = wholemodule;
				SWIFT_OPTIMIZATION_LEVEL = "-O";
				VALIDATE_PRODUCT = YES;
			};
			name = Release;
		};
		725C12C0253D604600B99FBD /* Debug */ = {
			isa = XCBuildConfiguration;
			baseConfigurationReference = 564DD7C4CF70E26358C4C4B1 /* Pods-TodayAirMVVM.debug.xcconfig */;
			buildSettings = {
				ASSETCATALOG_COMPILER_APPICON_NAME = AppIcon;
				ASSETCATALOG_COMPILER_GLOBAL_ACCENT_COLOR_NAME = AccentColor;
				CODE_SIGN_STYLE = Automatic;
				DEVELOPMENT_TEAM = LHMNAPQ6N7;
				INFOPLIST_FILE = TodayAirMVVM/Info.plist;
				IPHONEOS_DEPLOYMENT_TARGET = 11.0;
				LD_RUNPATH_SEARCH_PATHS = (
					"$(inherited)",
					"@executable_path/Frameworks",
				);
				PRODUCT_BUNDLE_IDENTIFIER = practice.TodayAirMVVM;
				PRODUCT_NAME = "$(TARGET_NAME)";
				SWIFT_VERSION = 5.0;
				TARGETED_DEVICE_FAMILY = "1,2";
			};
			name = Debug;
		};
		725C12C1253D604600B99FBD /* Release */ = {
			isa = XCBuildConfiguration;
			baseConfigurationReference = 16887D672FC6A558F4DCE1D6 /* Pods-TodayAirMVVM.release.xcconfig */;
			buildSettings = {
				ASSETCATALOG_COMPILER_APPICON_NAME = AppIcon;
				ASSETCATALOG_COMPILER_GLOBAL_ACCENT_COLOR_NAME = AccentColor;
				CODE_SIGN_STYLE = Automatic;
				DEVELOPMENT_TEAM = LHMNAPQ6N7;
				INFOPLIST_FILE = TodayAirMVVM/Info.plist;
				IPHONEOS_DEPLOYMENT_TARGET = 11.0;
				LD_RUNPATH_SEARCH_PATHS = (
					"$(inherited)",
					"@executable_path/Frameworks",
				);
				PRODUCT_BUNDLE_IDENTIFIER = practice.TodayAirMVVM;
				PRODUCT_NAME = "$(TARGET_NAME)";
				SWIFT_VERSION = 5.0;
				TARGETED_DEVICE_FAMILY = "1,2";
			};
			name = Release;
		};
/* End XCBuildConfiguration section */

/* Begin XCConfigurationList section */
		725C12A6253D604600B99FBD /* Build configuration list for PBXProject "TodayAirMVVM" */ = {
			isa = XCConfigurationList;
			buildConfigurations = (
				725C12BD253D604600B99FBD /* Debug */,
				725C12BE253D604600B99FBD /* Release */,
			);
			defaultConfigurationIsVisible = 0;
			defaultConfigurationName = Release;
		};
		725C12BF253D604600B99FBD /* Build configuration list for PBXNativeTarget "TodayAirMVVM" */ = {
			isa = XCConfigurationList;
			buildConfigurations = (
				725C12C0253D604600B99FBD /* Debug */,
				725C12C1253D604600B99FBD /* Release */,
			);
			defaultConfigurationIsVisible = 0;
			defaultConfigurationName = Release;
		};
/* End XCConfigurationList section */
	};
	rootObject = 725C12A3253D604600B99FBD /* Project object */;
}
